
Microsoft Visual Studio Solution File, Format Version 12.00
# Visual Studio Version 17
VisualStudioVersion = 17.0.31903.59
MinimumVisualStudioVersion = 10.0.40219.1
Project("{2150E333-8FDC-42A3-9474-1A3956D46DE8}") = "src", "src", "{827E0CD3-B72D-47B6-A68D-7590B98EB39B}"
EndProject
Project("{FAE04EC0-301F-11D3-BF4B-00C04F79EFBC}") = "BuberDinner.Api", "src\BuberDinner.Api\BuberDinner.Api.csproj", "{46455ED2-CDC1-4B5A-A429-E26EEE7CABB2}"
EndProject
Project("{FAE04EC0-301F-11D3-BF4B-00C04F79EFBC}") = "BuberDinner.Application", "src\BuberDinner.Application\BuberDinner.Application.csproj", "{58416910-5768-4EBF-911B-013AFD18C6D2}"
EndProject
Project("{FAE04EC0-301F-11D3-BF4B-00C04F79EFBC}") = "BuberDinner.Contracts", "src\BuberDinner.Contracts\BuberDinner.Contracts.csproj", "{F7C17B58-85F6-428B-8F9C-EFAB025AF861}"
EndProject
Project("{FAE04EC0-301F-11D3-BF4B-00C04F79EFBC}") = "BuberDinner.Domain", "src\BuberDinner.Domain\BuberDinner.Domain.csproj", "{AF2EF5C5-489B-4C20-A392-05C380FDBCC8}"
EndProject
Project("{FAE04EC0-301F-11D3-BF4B-00C04F79EFBC}") = "BuberDinner.Infrastructure", "src\BuberDinner.Infrastructure\BuberDinner.Infrastructure.csproj", "{32E26D46-A684-4DDC-9AA4-D40DF9F9A37D}"
EndProject
Global
	GlobalSection(SolutionConfigurationPlatforms) = preSolution
		Debug|Any CPU = Debug|Any CPU
		Debug|x64 = Debug|x64
		Debug|x86 = Debug|x86
		Release|Any CPU = Release|Any CPU
		Release|x64 = Release|x64
		Release|x86 = Release|x86
	EndGlobalSection
	GlobalSection(ProjectConfigurationPlatforms) = postSolution
		{46455ED2-CDC1-4B5A-A429-E26EEE7CABB2}.Debug|Any CPU.ActiveCfg = Debug|Any CPU
		{46455ED2-CDC1-4B5A-A429-E26EEE7CABB2}.Debug|Any CPU.Build.0 = Debug|Any CPU
		{46455ED2-CDC1-4B5A-A429-E26EEE7CABB2}.Debug|x64.ActiveCfg = Debug|Any CPU
		{46455ED2-CDC1-4B5A-A429-E26EEE7CABB2}.Debug|x64.Build.0 = Debug|Any CPU
		{46455ED2-CDC1-4B5A-A429-E26EEE7CABB2}.Debug|x86.ActiveCfg = Debug|Any CPU
		{46455ED2-CDC1-4B5A-A429-E26EEE7CABB2}.Debug|x86.Build.0 = Debug|Any CPU
		{46455ED2-CDC1-4B5A-A429-E26EEE7CABB2}.Release|Any CPU.ActiveCfg = Release|Any CPU
		{46455ED2-CDC1-4B5A-A429-E26EEE7CABB2}.Release|Any CPU.Build.0 = Release|Any CPU
		{46455ED2-CDC1-4B5A-A429-E26EEE7CABB2}.Release|x64.ActiveCfg = Release|Any CPU
		{46455ED2-CDC1-4B5A-A429-E26EEE7CABB2}.Release|x64.Build.0 = Release|Any CPU
		{46455ED2-CDC1-4B5A-A429-E26EEE7CABB2}.Release|x86.ActiveCfg = Release|Any CPU
		{46455ED2-CDC1-4B5A-A429-E26EEE7CABB2}.Release|x86.Build.0 = Release|Any CPU
		{58416910-5768-4EBF-911B-013AFD18C6D2}.Debug|Any CPU.ActiveCfg = Debug|Any CPU
		{58416910-5768-4EBF-911B-013AFD18C6D2}.Debug|Any CPU.Build.0 = Debug|Any CPU
		{58416910-5768-4EBF-911B-013AFD18C6D2}.Debug|x64.ActiveCfg = Debug|Any CPU
		{58416910-5768-4EBF-911B-013AFD18C6D2}.Debug|x64.Build.0 = Debug|Any CPU
		{58416910-5768-4EBF-911B-013AFD18C6D2}.Debug|x86.ActiveCfg = Debug|Any CPU
		{58416910-5768-4EBF-911B-013AFD18C6D2}.Debug|x86.Build.0 = Debug|Any CPU
		{58416910-5768-4EBF-911B-013AFD18C6D2}.Release|Any CPU.ActiveCfg = Release|Any CPU
		{58416910-5768-4EBF-911B-013AFD18C6D2}.Release|Any CPU.Build.0 = Release|Any CPU
		{58416910-5768-4EBF-911B-013AFD18C6D2}.Release|x64.ActiveCfg = Release|Any CPU
		{58416910-5768-4EBF-911B-013AFD18C6D2}.Release|x64.Build.0 = Release|Any CPU
		{58416910-5768-4EBF-911B-013AFD18C6D2}.Release|x86.ActiveCfg = Release|Any CPU
		{58416910-5768-4EBF-911B-013AFD18C6D2}.Release|x86.Build.0 = Release|Any CPU
		{F7C17B58-85F6-428B-8F9C-EFAB025AF861}.Debug|Any CPU.ActiveCfg = Debug|Any CPU
		{F7C17B58-85F6-428B-8F9C-EFAB025AF861}.Debug|Any CPU.Build.0 = Debug|Any CPU
		{F7C17B58-85F6-428B-8F9C-EFAB025AF861}.Debug|x64.ActiveCfg = Debug|Any CPU
		{F7C17B58-85F6-428B-8F9C-EFAB025AF861}.Debug|x64.Build.0 = Debug|Any CPU
		{F7C17B58-85F6-428B-8F9C-EFAB025AF861}.Debug|x86.ActiveCfg = Debug|Any CPU
		{F7C17B58-85F6-428B-8F9C-EFAB025AF861}.Debug|x86.Build.0 = Debug|Any CPU
		{F7C17B58-85F6-428B-8F9C-EFAB025AF861}.Release|Any CPU.ActiveCfg = Release|Any CPU
		{F7C17B58-85F6-428B-8F9C-EFAB025AF861}.Release|Any CPU.Build.0 = Release|Any CPU
		{F7C17B58-85F6-428B-8F9C-EFAB025AF861}.Release|x64.ActiveCfg = Release|Any CPU
		{F7C17B58-85F6-428B-8F9C-EFAB025AF861}.Release|x64.Build.0 = Release|Any CPU
		{F7C17B58-85F6-428B-8F9C-EFAB025AF861}.Release|x86.ActiveCfg = Release|Any CPU
		{F7C17B58-85F6-428B-8F9C-EFAB025AF861}.Release|x86.Build.0 = Release|Any CPU
		{AF2EF5C5-489B-4C20-A392-05C380FDBCC8}.Debug|Any CPU.ActiveCfg = Debug|Any CPU
		{AF2EF5C5-489B-4C20-A392-05C380FDBCC8}.Debug|Any CPU.Build.0 = Debug|Any CPU
		{AF2EF5C5-489B-4C20-A392-05C380FDBCC8}.Debug|x64.ActiveCfg = Debug|Any CPU
		{AF2EF5C5-489B-4C20-A392-05C380FDBCC8}.Debug|x64.Build.0 = Debug|Any CPU
		{AF2EF5C5-489B-4C20-A392-05C380FDBCC8}.Debug|x86.ActiveCfg = Debug|Any CPU
		{AF2EF5C5-489B-4C20-A392-05C380FDBCC8}.Debug|x86.Build.0 = Debug|Any CPU
		{AF2EF5C5-489B-4C20-A392-05C380FDBCC8}.Release|Any CPU.ActiveCfg = Release|Any CPU
		{AF2EF5C5-489B-4C20-A392-05C380FDBCC8}.Release|Any CPU.Build.0 = Release|Any CPU
		{AF2EF5C5-489B-4C20-A392-05C380FDBCC8}.Release|x64.ActiveCfg = Release|Any CPU
		{AF2EF5C5-489B-4C20-A392-05C380FDBCC8}.Release|x64.Build.0 = Release|Any CPU
		{AF2EF5C5-489B-4C20-A392-05C380FDBCC8}.Release|x86.ActiveCfg = Release|Any CPU
		{AF2EF5C5-489B-4C20-A392-05C380FDBCC8}.Release|x86.Build.0 = Release|Any CPU
		{32E26D46-A684-4DDC-9AA4-D40DF9F9A37D}.Debug|Any CPU.ActiveCfg = Debug|Any CPU
		{32E26D46-A684-4DDC-9AA4-D40DF9F9A37D}.Debug|Any CPU.Build.0 = Debug|Any CPU
		{32E26D46-A684-4DDC-9AA4-D40DF9F9A37D}.Debug|x64.ActiveCfg = Debug|Any CPU
		{32E26D46-A684-4DDC-9AA4-D40DF9F9A37D}.Debug|x64.Build.0 = Debug|Any CPU
		{32E26D46-A684-4DDC-9AA4-D40DF9F9A37D}.Debug|x86.ActiveCfg = Debug|Any CPU
		{32E26D46-A684-4DDC-9AA4-D40DF9F9A37D}.Debug|x86.Build.0 = Debug|Any CPU
		{32E26D46-A684-4DDC-9AA4-D40DF9F9A37D}.Release|Any CPU.ActiveCfg = Release|Any CPU
		{32E26D46-A684-4DDC-9AA4-D40DF9F9A37D}.Release|Any CPU.Build.0 = Release|Any CPU
		{32E26D46-A684-4DDC-9AA4-D40DF9F9A37D}.Release|x64.ActiveCfg = Release|Any CPU
		{32E26D46-A684-4DDC-9AA4-D40DF9F9A37D}.Release|x64.Build.0 = Release|Any CPU
		{32E26D46-A684-4DDC-9AA4-D40DF9F9A37D}.Release|x86.ActiveCfg = Release|Any CPU
		{32E26D46-A684-4DDC-9AA4-D40DF9F9A37D}.Release|x86.Build.0 = Release|Any CPU
	EndGlobalSection
	GlobalSection(SolutionProperties) = preSolution
		HideSolutionNode = FALSE
	EndGlobalSection
	GlobalSection(NestedProjects) = preSolution
		{46455ED2-CDC1-4B5A-A429-E26EEE7CABB2} = {827E0CD3-B72D-47B6-A68D-7590B98EB39B}
		{58416910-5768-4EBF-911B-013AFD18C6D2} = {827E0CD3-B72D-47B6-A68D-7590B98EB39B}
		{F7C17B58-85F6-428B-8F9C-EFAB025AF861} = {827E0CD3-B72D-47B6-A68D-7590B98EB39B}
		{AF2EF5C5-489B-4C20-A392-05C380FDBCC8} = {827E0CD3-B72D-47B6-A68D-7590B98EB39B}
		{32E26D46-A684-4DDC-9AA4-D40DF9F9A37D} = {827E0CD3-B72D-47B6-A68D-7590B98EB39B}
	EndGlobalSection
EndGlobal
