
Microsoft Visual Studio Solution File, Format Version 12.00
# Visual Studio Version 17
VisualStudioVersion = 17.0.31903.59
MinimumVisualStudioVersion = 10.0.40219.1
Project("{FAE04EC0-301F-11D3-BF4B-00C04F79EFBC}") = "BuberDinner.Api", "BuberDinner.Api\BuberDinner.Api.csproj", "{B8661E2F-42EE-4B08-8196-48DFD705D98A}"
EndProject
Project("{FAE04EC0-301F-11D3-BF4B-00C04F79EFBC}") = "BuberDinner.Application", "BuberDinner.Application\BuberDinner.Application.csproj", "{AF80DC33-EB42-40D3-A1BA-BF90F1814FBB}"
EndProject
Project("{FAE04EC0-301F-11D3-BF4B-00C04F79EFBC}") = "BuberDinner.Contracts", "BuberDinner.Contracts\BuberDinner.Contracts.csproj", "{9DDEF5E2-A2FD-4FEA-A643-601C7507F5C6}"
EndProject
Project("{FAE04EC0-301F-11D3-BF4B-00C04F79EFBC}") = "BuberDinner.Domain", "BuberDinner.Domain\BuberDinner.Domain.csproj", "{6D2C0E2B-5D4B-4ABC-9B67-6A694A45F5E1}"
EndProject
Project("{FAE04EC0-301F-11D3-BF4B-00C04F79EFBC}") = "BuberDinner.Infrastructure", "BuberDinner.Infrastructure\BuberDinner.Infrastructure.csproj", "{A7062E59-A79E-445A-98A5-7E10EC25CFE8}"
EndProject
Global
	GlobalSection(SolutionConfigurationPlatforms) = preSolution
		Debug|Any CPU = Debug|Any CPU
		Debug|x64 = Debug|x64
		Debug|x86 = Debug|x86
		Release|Any CPU = Release|Any CPU
		Release|x64 = Release|x64
		Release|x86 = Release|x86
	EndGlobalSection
	GlobalSection(ProjectConfigurationPlatforms) = postSolution
		{B8661E2F-42EE-4B08-8196-48DFD705D98A}.Debug|Any CPU.ActiveCfg = Debug|Any CPU
		{B8661E2F-42EE-4B08-8196-48DFD705D98A}.Debug|Any CPU.Build.0 = Debug|Any CPU
		{B8661E2F-42EE-4B08-8196-48DFD705D98A}.Debug|x64.ActiveCfg = Debug|Any CPU
		{B8661E2F-42EE-4B08-8196-48DFD705D98A}.Debug|x64.Build.0 = Debug|Any CPU
		{B8661E2F-42EE-4B08-8196-48DFD705D98A}.Debug|x86.ActiveCfg = Debug|Any CPU
		{B8661E2F-42EE-4B08-8196-48DFD705D98A}.Debug|x86.Build.0 = Debug|Any CPU
		{B8661E2F-42EE-4B08-8196-48DFD705D98A}.Release|Any CPU.ActiveCfg = Release|Any CPU
		{B8661E2F-42EE-4B08-8196-48DFD705D98A}.Release|Any CPU.Build.0 = Release|Any CPU
		{B8661E2F-42EE-4B08-8196-48DFD705D98A}.Release|x64.ActiveCfg = Release|Any CPU
		{B8661E2F-42EE-4B08-8196-48DFD705D98A}.Release|x64.Build.0 = Release|Any CPU
		{B8661E2F-42EE-4B08-8196-48DFD705D98A}.Release|x86.ActiveCfg = Release|Any CPU
		{B8661E2F-42EE-4B08-8196-48DFD705D98A}.Release|x86.Build.0 = Release|Any CPU
		{AF80DC33-EB42-40D3-A1BA-BF90F1814FBB}.Debug|Any CPU.ActiveCfg = Debug|Any CPU
		{AF80DC33-EB42-40D3-A1BA-BF90F1814FBB}.Debug|Any CPU.Build.0 = Debug|Any CPU
		{AF80DC33-EB42-40D3-A1BA-BF90F1814FBB}.Debug|x64.ActiveCfg = Debug|Any CPU
		{AF80DC33-EB42-40D3-A1BA-BF90F1814FBB}.Debug|x64.Build.0 = Debug|Any CPU
		{AF80DC33-EB42-40D3-A1BA-BF90F1814FBB}.Debug|x86.ActiveCfg = Debug|Any CPU
		{AF80DC33-EB42-40D3-A1BA-BF90F1814FBB}.Debug|x86.Build.0 = Debug|Any CPU
		{AF80DC33-EB42-40D3-A1BA-BF90F1814FBB}.Release|Any CPU.ActiveCfg = Release|Any CPU
		{AF80DC33-EB42-40D3-A1BA-BF90F1814FBB}.Release|Any CPU.Build.0 = Release|Any CPU
		{AF80DC33-EB42-40D3-A1BA-BF90F1814FBB}.Release|x64.ActiveCfg = Release|Any CPU
		{AF80DC33-EB42-40D3-A1BA-BF90F1814FBB}.Release|x64.Build.0 = Release|Any CPU
		{AF80DC33-EB42-40D3-A1BA-BF90F1814FBB}.Release|x86.ActiveCfg = Release|Any CPU
		{AF80DC33-EB42-40D3-A1BA-BF90F1814FBB}.Release|x86.Build.0 = Release|Any CPU
		{9DDEF5E2-A2FD-4FEA-A643-601C7507F5C6}.Debug|Any CPU.ActiveCfg = Debug|Any CPU
		{9DDEF5E2-A2FD-4FEA-A643-601C7507F5C6}.Debug|Any CPU.Build.0 = Debug|Any CPU
		{9DDEF5E2-A2FD-4FEA-A643-601C7507F5C6}.Debug|x64.ActiveCfg = Debug|Any CPU
		{9DDEF5E2-A2FD-4FEA-A643-601C7507F5C6}.Debug|x64.Build.0 = Debug|Any CPU
		{9DDEF5E2-A2FD-4FEA-A643-601C7507F5C6}.Debug|x86.ActiveCfg = Debug|Any CPU
		{9DDEF5E2-A2FD-4FEA-A643-601C7507F5C6}.Debug|x86.Build.0 = Debug|Any CPU
		{9DDEF5E2-A2FD-4FEA-A643-601C7507F5C6}.Release|Any CPU.ActiveCfg = Release|Any CPU
		{9DDEF5E2-A2FD-4FEA-A643-601C7507F5C6}.Release|Any CPU.Build.0 = Release|Any CPU
		{9DDEF5E2-A2FD-4FEA-A643-601C7507F5C6}.Release|x64.ActiveCfg = Release|Any CPU
		{9DDEF5E2-A2FD-4FEA-A643-601C7507F5C6}.Release|x64.Build.0 = Release|Any CPU
		{9DDEF5E2-A2FD-4FEA-A643-601C7507F5C6}.Release|x86.ActiveCfg = Release|Any CPU
		{9DDEF5E2-A2FD-4FEA-A643-601C7507F5C6}.Release|x86.Build.0 = Release|Any CPU
		{6D2C0E2B-5D4B-4ABC-9B67-6A694A45F5E1}.Debug|Any CPU.ActiveCfg = Debug|Any CPU
		{6D2C0E2B-5D4B-4ABC-9B67-6A694A45F5E1}.Debug|Any CPU.Build.0 = Debug|Any CPU
		{6D2C0E2B-5D4B-4ABC-9B67-6A694A45F5E1}.Debug|x64.ActiveCfg = Debug|Any CPU
		{6D2C0E2B-5D4B-4ABC-9B67-6A694A45F5E1}.Debug|x64.Build.0 = Debug|Any CPU
		{6D2C0E2B-5D4B-4ABC-9B67-6A694A45F5E1}.Debug|x86.ActiveCfg = Debug|Any CPU
		{6D2C0E2B-5D4B-4ABC-9B67-6A694A45F5E1}.Debug|x86.Build.0 = Debug|Any CPU
		{6D2C0E2B-5D4B-4ABC-9B67-6A694A45F5E1}.Release|Any CPU.ActiveCfg = Release|Any CPU
		{6D2C0E2B-5D4B-4ABC-9B67-6A694A45F5E1}.Release|Any CPU.Build.0 = Release|Any CPU
		{6D2C0E2B-5D4B-4ABC-9B67-6A694A45F5E1}.Release|x64.ActiveCfg = Release|Any CPU
		{6D2C0E2B-5D4B-4ABC-9B67-6A694A45F5E1}.Release|x64.Build.0 = Release|Any CPU
		{6D2C0E2B-5D4B-4ABC-9B67-6A694A45F5E1}.Release|x86.ActiveCfg = Release|Any CPU
		{6D2C0E2B-5D4B-4ABC-9B67-6A694A45F5E1}.Release|x86.Build.0 = Release|Any CPU
		{A7062E59-A79E-445A-98A5-7E10EC25CFE8}.Debug|Any CPU.ActiveCfg = Debug|Any CPU
		{A7062E59-A79E-445A-98A5-7E10EC25CFE8}.Debug|Any CPU.Build.0 = Debug|Any CPU
		{A7062E59-A79E-445A-98A5-7E10EC25CFE8}.Debug|x64.ActiveCfg = Debug|Any CPU
		{A7062E59-A79E-445A-98A5-7E10EC25CFE8}.Debug|x64.Build.0 = Debug|Any CPU
		{A7062E59-A79E-445A-98A5-7E10EC25CFE8}.Debug|x86.ActiveCfg = Debug|Any CPU
		{A7062E59-A79E-445A-98A5-7E10EC25CFE8}.Debug|x86.Build.0 = Debug|Any CPU
		{A7062E59-A79E-445A-98A5-7E10EC25CFE8}.Release|Any CPU.ActiveCfg = Release|Any CPU
		{A7062E59-A79E-445A-98A5-7E10EC25CFE8}.Release|Any CPU.Build.0 = Release|Any CPU
		{A7062E59-A79E-445A-98A5-7E10EC25CFE8}.Release|x64.ActiveCfg = Release|Any CPU
		{A7062E59-A79E-445A-98A5-7E10EC25CFE8}.Release|x64.Build.0 = Release|Any CPU
		{A7062E59-A79E-445A-98A5-7E10EC25CFE8}.Release|x86.ActiveCfg = Release|Any CPU
		{A7062E59-A79E-445A-98A5-7E10EC25CFE8}.Release|x86.Build.0 = Release|Any CPU
	EndGlobalSection
	GlobalSection(SolutionProperties) = preSolution
		HideSolutionNode = FALSE
	EndGlobalSection
	GlobalSection(ExtensibilityGlobals) = postSolution
		SolutionGuid = {0DC94F8F-9692-4DDD-87EA-155BDF9B7C36}
	EndGlobalSection
EndGlobal
